
Microsoft Visual Studio Solution File, Format Version 12.00
# Visual Studio Version 16
VisualStudioVersion = 16.0.31613.86
MinimumVisualStudioVersion = 10.0.40219.1
Project("{FAE04EC0-301F-11D3-BF4B-00C04F79EFBC}") = "TO_DO_LIST", "TO_DO_LIST\TO_DO_LIST.csproj", "{01456B75-A58D-4CDA-8AAE-B39FE805B282}"
EndProject
Global
	GlobalSection(SolutionConfigurationPlatforms) = preSolution
		Debug|Any CPU = Debug|Any CPU
		Release|Any CPU = Release|Any CPU
	EndGlobalSection
	GlobalSection(ProjectConfigurationPlatforms) = postSolution
		{01456B75-A58D-4CDA-8AAE-B39FE805B282}.Debug|Any CPU.ActiveCfg = Debug|Any CPU
		{01456B75-A58D-4CDA-8AAE-B39FE805B282}.Debug|Any CPU.Build.0 = Debug|Any CPU
		{01456B75-A58D-4CDA-8AAE-B39FE805B282}.Release|Any CPU.ActiveCfg = Release|Any CPU
		{01456B75-A58D-4CDA-8AAE-B39FE805B282}.Release|Any CPU.Build.0 = Release|Any CPU
	EndGlobalSection
	GlobalSection(SolutionProperties) = preSolution
		HideSolutionNode = FALSE
	EndGlobalSection
	GlobalSection(ExtensibilityGlobals) = postSolution
		SolutionGuid = {32F321DA-4C9A-4002-AA37-0C3B8792C75A}
	EndGlobalSection
EndGlobal
